
Microsoft Visual Studio Solution File, Format Version 12.00
# Visual Studio 14
VisualStudioVersion = 14.0.25420.1
MinimumVisualStudioVersion = 10.0.40219.1
Project("{FAE04EC0-301F-11D3-BF4B-00C04F79EFBC}") = "Binus.SampleWebAPILite.Services", "Binus.SampleWebAPI.Services\Binus.SampleWebAPILite.Services.csproj", "{7476C437-953B-4540-B57B-BE498CFB933B}"
EndProject
Project("{FAE04EC0-301F-11D3-BF4B-00C04F79EFBC}") = "Binus.SampleWebAPILite.Model", "Binus.SampleWebAPI.Model\Binus.SampleWebAPILite.Model.csproj", "{3FE42EC9-76DF-4383-A3AA-594458EC2593}"
EndProject
Project("{FAE04EC0-301F-11D3-BF4B-00C04F79EFBC}") = "Binus.SampleWebAPILite.Data", "Binus.SampleWebAPI.Data\Binus.SampleWebAPILite.Data.csproj", "{340374D2-E9F3-4F76-A374-9196D1A4FDD8}"
EndProject
Project("{FAE04EC0-301F-11D3-BF4B-00C04F79EFBC}") = "Binus.SampleWebAPILite.WebAPI", "Binus.SampleWebAPI.WebAPI\Binus.SampleWebAPILite.WebAPI.csproj", "{9C292B2B-EF10-46AA-A6CE-1373FB3F9044}"
EndProject
Global
	GlobalSection(SolutionConfigurationPlatforms) = preSolution
		Debug|Any CPU = Debug|Any CPU
		Release|Any CPU = Release|Any CPU
	EndGlobalSection
	GlobalSection(ProjectConfigurationPlatforms) = postSolution
		{7476C437-953B-4540-B57B-BE498CFB933B}.Debug|Any CPU.ActiveCfg = Debug|Any CPU
		{7476C437-953B-4540-B57B-BE498CFB933B}.Debug|Any CPU.Build.0 = Debug|Any CPU
		{7476C437-953B-4540-B57B-BE498CFB933B}.Release|Any CPU.ActiveCfg = Release|Any CPU
		{7476C437-953B-4540-B57B-BE498CFB933B}.Release|Any CPU.Build.0 = Release|Any CPU
		{3FE42EC9-76DF-4383-A3AA-594458EC2593}.Debug|Any CPU.ActiveCfg = Debug|Any CPU
		{3FE42EC9-76DF-4383-A3AA-594458EC2593}.Debug|Any CPU.Build.0 = Debug|Any CPU
		{3FE42EC9-76DF-4383-A3AA-594458EC2593}.Release|Any CPU.ActiveCfg = Release|Any CPU
		{3FE42EC9-76DF-4383-A3AA-594458EC2593}.Release|Any CPU.Build.0 = Release|Any CPU
		{340374D2-E9F3-4F76-A374-9196D1A4FDD8}.Debug|Any CPU.ActiveCfg = Debug|Any CPU
		{340374D2-E9F3-4F76-A374-9196D1A4FDD8}.Debug|Any CPU.Build.0 = Debug|Any CPU
		{340374D2-E9F3-4F76-A374-9196D1A4FDD8}.Release|Any CPU.ActiveCfg = Release|Any CPU
		{340374D2-E9F3-4F76-A374-9196D1A4FDD8}.Release|Any CPU.Build.0 = Release|Any CPU
		{9C292B2B-EF10-46AA-A6CE-1373FB3F9044}.Debug|Any CPU.ActiveCfg = Debug|Any CPU
		{9C292B2B-EF10-46AA-A6CE-1373FB3F9044}.Debug|Any CPU.Build.0 = Debug|Any CPU
		{9C292B2B-EF10-46AA-A6CE-1373FB3F9044}.Release|Any CPU.ActiveCfg = Release|Any CPU
		{9C292B2B-EF10-46AA-A6CE-1373FB3F9044}.Release|Any CPU.Build.0 = Release|Any CPU
	EndGlobalSection
	GlobalSection(SolutionProperties) = preSolution
		HideSolutionNode = FALSE
	EndGlobalSection
EndGlobal
